# Generated by `xrobot setup`; do not edit by hand.
version: 1
requests:
- id: xrobot-org/BuzzerAlarm
  ref: same-or-dev
modules:
  xrobot-org/BuzzerAlarm:
    repo: https://github.com/xrobot-org/BuzzerAlarm.git
    source: https://xrobot.work/xrobot-modules/index.yaml
    requested: same-or-dev
    resolved_ref: dev
    ref_kind: branch
    commit: 8bd6b55d821200d2f97c40c1a49f41bb126b22e1
