# Generated by `xrobot setup`; do not edit by hand.
version: 1
requests:
- id: xrobot-org/BuzzerAlarm
  ref: same-or-dev
modules:
  xrobot-org/BuzzerAlarm:
    repo: https://github.com/xrobot-org/BuzzerAlarm.git
    source: https://xrobot.work/xrobot-modules/index.yaml
    requested: same-or-dev
    resolved_ref: feat/static-assembly-20260915
    ref_kind: branch
    context:
    - branch
    - feat/static-assembly-20260915
    commit: 44424519645a0d9297d5a7bd57b8dd4e0c342e74
